// !$*UTF8*$!
{
	archiveVersion = 1;
	classes = {
	};
	objectVersion = 54;
	objects = {

/* Begin PBXBuildFile section */
		0CA42CDCEB7FFA14D9B4D0E0 /* UniqueNameResolver.swift in Sources */ = {isa = PBXBuildFile; fileRef = 3D1BA2CDFE0731BF2036F3F5 /* UniqueNameResolver.swift */; };
		0F80A0A3454CC12D497E82D2 /* AppKit.framework in Frameworks */ = {isa = PBXBuildFile; fileRef = 66F7C98F1302CEE5EF164936 /* AppKit.framework */; };
		1F89B08F3CA9408A060A7AF9 /* FileActionService.swift in Sources */ = {isa = PBXBuildFile; fileRef = FF449462649A10880AC85283 /* FileActionService.swift */; };
		2F8999220B7D5BDC4F513590 /* SystemActionExecutor.swift in Sources */ = {isa = PBXBuildFile; fileRef = BF8B79331595AE42CDB127D6 /* SystemActionExecutor.swift */; };
		51B2BD0E90643E19DB6ED211 /* FinderSync.framework in Frameworks */ = {isa = PBXBuildFile; fileRef = DB02D0E135EA61C1244CC084 /* FinderSync.framework */; };
		5D504C51208B52DCB6FF2C8D /* MenuPlanner.swift in Sources */ = {isa = PBXBuildFile; fileRef = 12C12C840FD07E9667C054E2 /* MenuPlanner.swift */; };
		68B73E027A4D763B74FC7506 /* ImageIO.framework in Frameworks */ = {isa = PBXBuildFile; fileRef = 4A5F88223A26FEEBE597BCAC /* ImageIO.framework */; };
		73A244532A59903976C859E3 /* ActionContext.swift in Sources */ = {isa = PBXBuildFile; fileRef = 12AEEF6FB91445C89ECC472C /* ActionContext.swift */; };
		75EE37D74C4AEDFC9F6AF07E /* RightKitActionError.swift in Sources */ = {isa = PBXBuildFile; fileRef = 7C9D788608984E0A56EB30DD /* RightKitActionError.swift */; };
		7DB85225882F1410BB715A29 /* RightKitApp.swift in Sources */ = {isa = PBXBuildFile; fileRef = 2E9CCE134145E52194D66D86 /* RightKitApp.swift */; };
		88D001F3C941C4E4963D66BF /* UniqueNameResolver.swift in Sources */ = {isa = PBXBuildFile; fileRef = 3D1BA2CDFE0731BF2036F3F5 /* UniqueNameResolver.swift */; };
		89D2431E5EF31D9F06273243 /* SettingsStore.swift in Sources */ = {isa = PBXBuildFile; fileRef = 1086075651C6FFE67E666CF3 /* SettingsStore.swift */; };
		8DA21974E1F8AD30BB73CEA3 /* RightKitSettings.swift in Sources */ = {isa = PBXBuildFile; fileRef = B81CBFC909B443774CB506BE /* RightKitSettings.swift */; };
		98BE81CBF7CCF4A0C3C774EB /* FinderSync.swift in Sources */ = {isa = PBXBuildFile; fileRef = 5C08AE4C281260991A7DC4DA /* FinderSync.swift */; };
		9FB9964F222F3CE206020996 /* PreferencesModel.swift in Sources */ = {isa = PBXBuildFile; fileRef = AE5C212BB0262C6A0DD38A9E /* PreferencesModel.swift */; };
		A61C4D94C91CC3F5116A13A5 /* RightKitSettings.swift in Sources */ = {isa = PBXBuildFile; fileRef = B81CBFC909B443774CB506BE /* RightKitSettings.swift */; };
		A64A09137A73297878752E5B /* ActionID.swift in Sources */ = {isa = PBXBuildFile; fileRef = 07C06A123ADC0BE16EF5558A /* ActionID.swift */; };
		AE374ADB01DEA013F564D7B0 /* MenuPlanner.swift in Sources */ = {isa = PBXBuildFile; fileRef = 12C12C840FD07E9667C054E2 /* MenuPlanner.swift */; };
		B283F0EC48E65C38FB5C4405 /* CryptoKit.framework in Frameworks */ = {isa = PBXBuildFile; fileRef = 43F4C592B5DA107A61153DC9 /* CryptoKit.framework */; };
		C1FCFFBC08D80BA0167E5CE2 /* SettingsStore.swift in Sources */ = {isa = PBXBuildFile; fileRef = 1086075651C6FFE67E666CF3 /* SettingsStore.swift */; };
		C6F80A292606E58A6BE64ABE /* DashboardView.swift in Sources */ = {isa = PBXBuildFile; fileRef = 4FAD5B3EE19ED4C71AE38048 /* DashboardView.swift */; };
		C876219A37B638D2C7332916 /* RightKitFinder.appex in Embed Foundation Extensions */ = {isa = PBXBuildFile; fileRef = DF66AE81422A51DE13319B2F /* RightKitFinder.appex */; settings = {ATTRIBUTES = (CodeSignOnCopy, RemoveHeadersOnCopy, ); }; };
		CB3154FE9BD7C19E14FBFFC9 /* ActionContext.swift in Sources */ = {isa = PBXBuildFile; fileRef = 12AEEF6FB91445C89ECC472C /* ActionContext.swift */; };
		CF6C5EC67ED84D0B59830001 /* FinderSync.framework in Frameworks */ = {isa = PBXBuildFile; fileRef = DB02D0E135EA61C1244CC084 /* FinderSync.framework */; };
		D7D18FB35A6CE057DB421505 /* ActionID.swift in Sources */ = {isa = PBXBuildFile; fileRef = 07C06A123ADC0BE16EF5558A /* ActionID.swift */; };
		DF9899B8273CF5853A2D7E44 /* UniformTypeIdentifiers.framework in Frameworks */ = {isa = PBXBuildFile; fileRef = EF3DCC81F2293C0222EF4462 /* UniformTypeIdentifiers.framework */; };
		F9353BCB4445DBAB8E66C344 /* ActionOutcome.swift in Sources */ = {isa = PBXBuildFile; fileRef = C82F2012BEF9A4E3223330E1 /* ActionOutcome.swift */; };
/* End PBXBuildFile section */

/* Begin PBXContainerItemProxy section */
		C1809ADCC1BFC88F81FBE762 /* PBXContainerItemProxy */ = {
			isa = PBXContainerItemProxy;
			containerPortal = A1A017A445166C50822AFEAC /* Project object */;
			proxyType = 1;
			remoteGlobalIDString = 16C9CB987A31B7A6E3196F57;
			remoteInfo = RightKitFinder;
		};
/* End PBXContainerItemProxy section */

/* Begin PBXCopyFilesBuildPhase section */
		42E9231FD016AC894D27FFA7 /* Embed Foundation Extensions */ = {
			isa = PBXCopyFilesBuildPhase;
			buildActionMask = 2147483647;
			dstPath = "";
			dstSubfolderSpec = 13;
			files = (
				C876219A37B638D2C7332916 /* RightKitFinder.appex in Embed Foundation Extensions */,
			);
			name = "Embed Foundation Extensions";
			runOnlyForDeploymentPostprocessing = 0;
		};
/* End PBXCopyFilesBuildPhase section */

/* Begin PBXFileReference section */
		07C06A123ADC0BE16EF5558A /* ActionID.swift */ = {isa = PBXFileReference; lastKnownFileType = sourcecode.swift; path = ActionID.swift; sourceTree = "<group>"; };
		1086075651C6FFE67E666CF3 /* SettingsStore.swift */ = {isa = PBXFileReference; lastKnownFileType = sourcecode.swift; path = SettingsStore.swift; sourceTree = "<group>"; };
		12AEEF6FB91445C89ECC472C /* ActionContext.swift */ = {isa = PBXFileReference; lastKnownFileType = sourcecode.swift; path = ActionContext.swift; sourceTree = "<group>"; };
		12C12C840FD07E9667C054E2 /* MenuPlanner.swift */ = {isa = PBXFileReference; lastKnownFileType = sourcecode.swift; path = MenuPlanner.swift; sourceTree = "<group>"; };
		2E9CCE134145E52194D66D86 /* RightKitApp.swift */ = {isa = PBXFileReference; lastKnownFileType = sourcecode.swift; path = RightKitApp.swift; sourceTree = "<group>"; };
		3D1BA2CDFE0731BF2036F3F5 /* UniqueNameResolver.swift */ = {isa = PBXFileReference; lastKnownFileType = sourcecode.swift; path = UniqueNameResolver.swift; sourceTree = "<group>"; };
		43F4C592B5DA107A61153DC9 /* CryptoKit.framework */ = {isa = PBXFileReference; lastKnownFileType = wrapper.framework; name = CryptoKit.framework; path = System/Library/Frameworks/CryptoKit.framework; sourceTree = SDKROOT; };
		4968F3BD5C730F461901FB79 /* RightKit.app */ = {isa = PBXFileReference; explicitFileType = wrapper.application; includeInIndex = 0; path = RightKit.app; sourceTree = BUILT_PRODUCTS_DIR; };
		4A5F88223A26FEEBE597BCAC /* ImageIO.framework */ = {isa = PBXFileReference; lastKnownFileType = wrapper.framework; name = ImageIO.framework; path = System/Library/Frameworks/ImageIO.framework; sourceTree = SDKROOT; };
		4FAD5B3EE19ED4C71AE38048 /* DashboardView.swift */ = {isa = PBXFileReference; lastKnownFileType = sourcecode.swift; path = DashboardView.swift; sourceTree = "<group>"; };
		5C08AE4C281260991A7DC4DA /* FinderSync.swift */ = {isa = PBXFileReference; lastKnownFileType = sourcecode.swift; path = FinderSync.swift; sourceTree = "<group>"; };
		66F7C98F1302CEE5EF164936 /* AppKit.framework */ = {isa = PBXFileReference; lastKnownFileType = wrapper.framework; name = AppKit.framework; path = System/Library/Frameworks/AppKit.framework; sourceTree = SDKROOT; };
		7C9D788608984E0A56EB30DD /* RightKitActionError.swift */ = {isa = PBXFileReference; lastKnownFileType = sourcecode.swift; path = RightKitActionError.swift; sourceTree = "<group>"; };
		AE5C212BB0262C6A0DD38A9E /* PreferencesModel.swift */ = {isa = PBXFileReference; lastKnownFileType = sourcecode.swift; path = PreferencesModel.swift; sourceTree = "<group>"; };
		B81CBFC909B443774CB506BE /* RightKitSettings.swift */ = {isa = PBXFileReference; lastKnownFileType = sourcecode.swift; path = RightKitSettings.swift; sourceTree = "<group>"; };
		BF8B79331595AE42CDB127D6 /* SystemActionExecutor.swift */ = {isa = PBXFileReference; lastKnownFileType = sourcecode.swift; path = SystemActionExecutor.swift; sourceTree = "<group>"; };
		C82F2012BEF9A4E3223330E1 /* ActionOutcome.swift */ = {isa = PBXFileReference; lastKnownFileType = sourcecode.swift; path = ActionOutcome.swift; sourceTree = "<group>"; };
		DB02D0E135EA61C1244CC084 /* FinderSync.framework */ = {isa = PBXFileReference; lastKnownFileType = wrapper.framework; name = FinderSync.framework; path = System/Library/Frameworks/FinderSync.framework; sourceTree = SDKROOT; };
		DF66AE81422A51DE13319B2F /* RightKitFinder.appex */ = {isa = PBXFileReference; explicitFileType = "wrapper.app-extension"; includeInIndex = 0; path = RightKitFinder.appex; sourceTree = BUILT_PRODUCTS_DIR; };
		EF3DCC81F2293C0222EF4462 /* UniformTypeIdentifiers.framework */ = {isa = PBXFileReference; lastKnownFileType = wrapper.framework; name = UniformTypeIdentifiers.framework; path = System/Library/Frameworks/UniformTypeIdentifiers.framework; sourceTree = SDKROOT; };
		FF449462649A10880AC85283 /* FileActionService.swift */ = {isa = PBXFileReference; lastKnownFileType = sourcecode.swift; path = FileActionService.swift; sourceTree = "<group>"; };
/* End PBXFileReference section */

/* Begin PBXFrameworksBuildPhase section */
		7B949E40E3867167FEE7AE75 /* Frameworks */ = {
			isa = PBXFrameworksBuildPhase;
			buildActionMask = 2147483647;
			files = (
				51B2BD0E90643E19DB6ED211 /* FinderSync.framework in Frameworks */,
			);
			runOnlyForDeploymentPostprocessing = 0;
		};
		E4E7320688EE655FFC221F32 /* Frameworks */ = {
			isa = PBXFrameworksBuildPhase;
			buildActionMask = 2147483647;
			files = (
				0F80A0A3454CC12D497E82D2 /* AppKit.framework in Frameworks */,
				B283F0EC48E65C38FB5C4405 /* CryptoKit.framework in Frameworks */,
				CF6C5EC67ED84D0B59830001 /* FinderSync.framework in Frameworks */,
				68B73E027A4D763B74FC7506 /* ImageIO.framework in Frameworks */,
				DF9899B8273CF5853A2D7E44 /* UniformTypeIdentifiers.framework in Frameworks */,
			);
			runOnlyForDeploymentPostprocessing = 0;
		};
/* End PBXFrameworksBuildPhase section */

/* Begin PBXGroup section */
		151CCFFCAB14B9C277327EEC /* RightKitCore */ = {
			isa = PBXGroup;
			children = (
				12AEEF6FB91445C89ECC472C /* ActionContext.swift */,
				07C06A123ADC0BE16EF5558A /* ActionID.swift */,
				12C12C840FD07E9667C054E2 /* MenuPlanner.swift */,
				B81CBFC909B443774CB506BE /* RightKitSettings.swift */,
				1086075651C6FFE67E666CF3 /* SettingsStore.swift */,
				3D1BA2CDFE0731BF2036F3F5 /* UniqueNameResolver.swift */,
			);
			path = RightKitCore;
			sourceTree = "<group>";
		};
		463A5B4C5C19E9A2C3B69AD9 /* RightKitActions */ = {
			isa = PBXGroup;
			children = (
				C82F2012BEF9A4E3223330E1 /* ActionOutcome.swift */,
				FF449462649A10880AC85283 /* FileActionService.swift */,
				7C9D788608984E0A56EB30DD /* RightKitActionError.swift */,
				BF8B79331595AE42CDB127D6 /* SystemActionExecutor.swift */,
			);
			path = RightKitActions;
			sourceTree = "<group>";
		};
		5EC452DE7EB32C2102B2A56E /* FinderExtension */ = {
			isa = PBXGroup;
			children = (
				5C08AE4C281260991A7DC4DA /* FinderSync.swift */,
			);
			path = FinderExtension;
			sourceTree = "<group>";
		};
		864D990A80B8388EF5E6497F = {
			isa = PBXGroup;
			children = (
				D2D428B28091AEE452B6D339 /* App */,
				5EC452DE7EB32C2102B2A56E /* FinderExtension */,
				91A2A696CE13846CD824C9DF /* Shared */,
				DD389CE304B89042E3F1FB3C /* Frameworks */,
				A109B0BD110D80A9FB788AC9 /* Products */,
			);
			sourceTree = "<group>";
		};
		91A2A696CE13846CD824C9DF /* Shared */ = {
			isa = PBXGroup;
			children = (
				DD4E73E6275394C74EC047B2 /* Sources */,
			);
			path = Shared;
			sourceTree = "<group>";
		};
		A109B0BD110D80A9FB788AC9 /* Products */ = {
			isa = PBXGroup;
			children = (
				4968F3BD5C730F461901FB79 /* RightKit.app */,
				DF66AE81422A51DE13319B2F /* RightKitFinder.appex */,
			);
			name = Products;
			sourceTree = "<group>";
		};
		D2D428B28091AEE452B6D339 /* App */ = {
			isa = PBXGroup;
			children = (
				4FAD5B3EE19ED4C71AE38048 /* DashboardView.swift */,
				AE5C212BB0262C6A0DD38A9E /* PreferencesModel.swift */,
				2E9CCE134145E52194D66D86 /* RightKitApp.swift */,
			);
			path = App;
			sourceTree = "<group>";
		};
		DD389CE304B89042E3F1FB3C /* Frameworks */ = {
			isa = PBXGroup;
			children = (
				66F7C98F1302CEE5EF164936 /* AppKit.framework */,
				43F4C592B5DA107A61153DC9 /* CryptoKit.framework */,
				DB02D0E135EA61C1244CC084 /* FinderSync.framework */,
				4A5F88223A26FEEBE597BCAC /* ImageIO.framework */,
				EF3DCC81F2293C0222EF4462 /* UniformTypeIdentifiers.framework */,
			);
			name = Frameworks;
			sourceTree = "<group>";
		};
		DD4E73E6275394C74EC047B2 /* Sources */ = {
			isa = PBXGroup;
			children = (
				463A5B4C5C19E9A2C3B69AD9 /* RightKitActions */,
				151CCFFCAB14B9C277327EEC /* RightKitCore */,
			);
			path = Sources;
			sourceTree = "<group>";
		};
/* End PBXGroup section */

/* Begin PBXNativeTarget section */
		16C9CB987A31B7A6E3196F57 /* RightKitFinder */ = {
			isa = PBXNativeTarget;
			buildConfigurationList = 040511D4C4A4B4B58262CCB9 /* Build configuration list for PBXNativeTarget "RightKitFinder" */;
			buildPhases = (
				D7C4AB214BECFA3595A122E3 /* Sources */,
				E4E7320688EE655FFC221F32 /* Frameworks */,
			);
			buildRules = (
			);
			dependencies = (
			);
			name = RightKitFinder;
			packageProductDependencies = (
			);
			productName = RightKitFinder;
			productReference = DF66AE81422A51DE13319B2F /* RightKitFinder.appex */;
			productType = "com.apple.product-type.app-extension";
		};
		B70BB768EC0FDFBF8ED44691 /* RightKit */ = {
			isa = PBXNativeTarget;
			buildConfigurationList = 634351A6A68B096FA19352EE /* Build configuration list for PBXNativeTarget "RightKit" */;
			buildPhases = (
				AB0D85A18951A9B3E9D9B262 /* Sources */,
				7B949E40E3867167FEE7AE75 /* Frameworks */,
				42E9231FD016AC894D27FFA7 /* Embed Foundation Extensions */,
			);
			buildRules = (
			);
			dependencies = (
				F1FD7402ECA95B9708804A81 /* PBXTargetDependency */,
			);
			name = RightKit;
			packageProductDependencies = (
			);
			productName = RightKit;
			productReference = 4968F3BD5C730F461901FB79 /* RightKit.app */;
			productType = "com.apple.product-type.application";
		};
/* End PBXNativeTarget section */

/* Begin PBXProject section */
		A1A017A445166C50822AFEAC /* Project object */ = {
			isa = PBXProject;
			attributes = {
				BuildIndependentTargetsInParallel = YES;
				LastUpgradeCheck = 1430;
				TargetAttributes = {
					16C9CB987A31B7A6E3196F57 = {
						ProvisioningStyle = Automatic;
					};
					B70BB768EC0FDFBF8ED44691 = {
						ProvisioningStyle = Automatic;
					};
				};
			};
			buildConfigurationList = 7DBBFB38622C3BBE59349522 /* Build configuration list for PBXProject "RightKit" */;
			compatibilityVersion = "Xcode 14.0";
			developmentRegion = en;
			hasScannedForEncodings = 0;
			knownRegions = (
				Base,
				en,
			);
			mainGroup = 864D990A80B8388EF5E6497F;
			minimizedProjectReferenceProxies = 1;
			preferredProjectObjectVersion = 54;
			projectDirPath = "";
			projectRoot = "";
			targets = (
				B70BB768EC0FDFBF8ED44691 /* RightKit */,
				16C9CB987A31B7A6E3196F57 /* RightKitFinder */,
			);
		};
/* End PBXProject section */

/* Begin PBXSourcesBuildPhase section */
		AB0D85A18951A9B3E9D9B262 /* Sources */ = {
			isa = PBXSourcesBuildPhase;
			buildActionMask = 2147483647;
			files = (
				73A244532A59903976C859E3 /* ActionContext.swift in Sources */,
				D7D18FB35A6CE057DB421505 /* ActionID.swift in Sources */,
				C6F80A292606E58A6BE64ABE /* DashboardView.swift in Sources */,
				AE374ADB01DEA013F564D7B0 /* MenuPlanner.swift in Sources */,
				9FB9964F222F3CE206020996 /* PreferencesModel.swift in Sources */,
				7DB85225882F1410BB715A29 /* RightKitApp.swift in Sources */,
				A61C4D94C91CC3F5116A13A5 /* RightKitSettings.swift in Sources */,
				89D2431E5EF31D9F06273243 /* SettingsStore.swift in Sources */,
				0CA42CDCEB7FFA14D9B4D0E0 /* UniqueNameResolver.swift in Sources */,
			);
			runOnlyForDeploymentPostprocessing = 0;
		};
		D7C4AB214BECFA3595A122E3 /* Sources */ = {
			isa = PBXSourcesBuildPhase;
			buildActionMask = 2147483647;
			files = (
				CB3154FE9BD7C19E14FBFFC9 /* ActionContext.swift in Sources */,
				A64A09137A73297878752E5B /* ActionID.swift in Sources */,
				F9353BCB4445DBAB8E66C344 /* ActionOutcome.swift in Sources */,
				1F89B08F3CA9408A060A7AF9 /* FileActionService.swift in Sources */,
				98BE81CBF7CCF4A0C3C774EB /* FinderSync.swift in Sources */,
				5D504C51208B52DCB6FF2C8D /* MenuPlanner.swift in Sources */,
				75EE37D74C4AEDFC9F6AF07E /* RightKitActionError.swift in Sources */,
				8DA21974E1F8AD30BB73CEA3 /* RightKitSettings.swift in Sources */,
				C1FCFFBC08D80BA0167E5CE2 /* SettingsStore.swift in Sources */,
				2F8999220B7D5BDC4F513590 /* SystemActionExecutor.swift in Sources */,
				88D001F3C941C4E4963D66BF /* UniqueNameResolver.swift in Sources */,
			);
			runOnlyForDeploymentPostprocessing = 0;
		};
/* End PBXSourcesBuildPhase section */

/* Begin PBXTargetDependency section */
		F1FD7402ECA95B9708804A81 /* PBXTargetDependency */ = {
			isa = PBXTargetDependency;
			target = 16C9CB987A31B7A6E3196F57 /* RightKitFinder */;
			targetProxy = C1809ADCC1BFC88F81FBE762 /* PBXContainerItemProxy */;
		};
/* End PBXTargetDependency section */

/* Begin XCBuildConfiguration section */
		3AA36F0EF07E762F94591652 /* Release */ = {
			isa = XCBuildConfiguration;
			buildSettings = {
				APPLICATION_EXTENSION_API_ONLY = YES;
				CODE_SIGN_ENTITLEMENTS = FinderExtension/RightKitFinder.entitlements;
				COMBINE_HIDPI_IMAGES = YES;
				ENABLE_APP_SANDBOX = YES;
				GENERATE_INFOPLIST_FILE = NO;
				INFOPLIST_FILE = FinderExtension/Info.plist;
				LD_RUNPATH_SEARCH_PATHS = (
					"$(inherited)",
					"@executable_path/../Frameworks",
					"@executable_path/../../../../Frameworks",
				);
				PRODUCT_BUNDLE_IDENTIFIER = io.github.rightkit.RightKit.FinderExtension;
				PRODUCT_MODULE_NAME = RightKitFinder;
				PRODUCT_NAME = RightKitFinder;
				SDKROOT = macosx;
				SKIP_INSTALL = YES;
			};
			name = Release;
		};
		427DC39DACC90C0C7AC9DC4D /* Debug */ = {
			isa = XCBuildConfiguration;
			buildSettings = {
				APPLICATION_EXTENSION_API_ONLY = YES;
				CODE_SIGN_ENTITLEMENTS = FinderExtension/RightKitFinder.entitlements;
				COMBINE_HIDPI_IMAGES = YES;
				ENABLE_APP_SANDBOX = YES;
				GENERATE_INFOPLIST_FILE = NO;
				INFOPLIST_FILE = FinderExtension/Info.plist;
				LD_RUNPATH_SEARCH_PATHS = (
					"$(inherited)",
					"@executable_path/../Frameworks",
					"@executable_path/../../../../Frameworks",
				);
				PRODUCT_BUNDLE_IDENTIFIER = io.github.rightkit.RightKit.FinderExtension;
				PRODUCT_MODULE_NAME = RightKitFinder;
				PRODUCT_NAME = RightKitFinder;
				SDKROOT = macosx;
				SKIP_INSTALL = YES;
			};
			name = Debug;
		};
		780BE3ADEE023BC04CD5C88F /* Release */ = {
			isa = XCBuildConfiguration;
			buildSettings = {
				ALWAYS_SEARCH_USER_PATHS = NO;
				CLANG_ANALYZER_NONNULL = YES;
				CLANG_ANALYZER_NUMBER_OBJECT_CONVERSION = YES_AGGRESSIVE;
				CLANG_CXX_LANGUAGE_STANDARD = "gnu++14";
				CLANG_CXX_LIBRARY = "libc++";
				CLANG_ENABLE_MODULES = YES;
				CLANG_ENABLE_OBJC_ARC = YES;
				CLANG_ENABLE_OBJC_WEAK = YES;
				CLANG_WARN_BLOCK_CAPTURE_AUTORELEASING = YES;
				CLANG_WARN_BOOL_CONVERSION = YES;
				CLANG_WARN_COMMA = YES;
				CLANG_WARN_CONSTANT_CONVERSION = YES;
				CLANG_WARN_DEPRECATED_OBJC_IMPLEMENTATIONS = YES;
				CLANG_WARN_DIRECT_OBJC_ISA_USAGE = YES_ERROR;
				CLANG_WARN_DOCUMENTATION_COMMENTS = YES;
				CLANG_WARN_EMPTY_BODY = YES;
				CLANG_WARN_ENUM_CONVERSION = YES;
				CLANG_WARN_INFINITE_RECURSION = YES;
				CLANG_WARN_INT_CONVERSION = YES;
				CLANG_WARN_NON_LITERAL_NULL_CONVERSION = YES;
				CLANG_WARN_OBJC_IMPLICIT_RETAIN_SELF = YES;
				CLANG_WARN_OBJC_LITERAL_CONVERSION = YES;
				CLANG_WARN_OBJC_ROOT_CLASS = YES_ERROR;
				CLANG_WARN_QUOTED_INCLUDE_IN_FRAMEWORK_HEADER = YES;
				CLANG_WARN_RANGE_LOOP_ANALYSIS = YES;
				CLANG_WARN_STRICT_PROTOTYPES = YES;
				CLANG_WARN_SUSPICIOUS_MOVE = YES;
				CLANG_WARN_UNGUARDED_AVAILABILITY = YES_AGGRESSIVE;
				CLANG_WARN_UNREACHABLE_CODE = YES;
				CLANG_WARN__DUPLICATE_METHOD_MATCH = YES;
				CODE_SIGN_STYLE = Automatic;
				COPY_PHASE_STRIP = NO;
				CURRENT_PROJECT_VERSION = 1;
				DEBUG_INFORMATION_FORMAT = "dwarf-with-dsym";
				ENABLE_HARDENED_RUNTIME = YES;
				ENABLE_NS_ASSERTIONS = NO;
				ENABLE_STRICT_OBJC_MSGSEND = YES;
				GCC_C_LANGUAGE_STANDARD = gnu11;
				GCC_NO_COMMON_BLOCKS = YES;
				GCC_WARN_64_TO_32_BIT_CONVERSION = YES;
				GCC_WARN_ABOUT_RETURN_TYPE = YES_ERROR;
				GCC_WARN_UNDECLARED_SELECTOR = YES;
				GCC_WARN_UNINITIALIZED_AUTOS = YES_AGGRESSIVE;
				GCC_WARN_UNUSED_FUNCTION = YES;
				GCC_WARN_UNUSED_VARIABLE = YES;
				MACOSX_DEPLOYMENT_TARGET = 13.0;
				MARKETING_VERSION = 0.1.0;
				MTL_ENABLE_DEBUG_INFO = NO;
				MTL_FAST_MATH = YES;
				PRODUCT_NAME = "$(TARGET_NAME)";
				SDKROOT = macosx;
				SWIFT_COMPILATION_MODE = wholemodule;
				SWIFT_EMIT_LOC_STRINGS = YES;
				SWIFT_OPTIMIZATION_LEVEL = "-O";
				SWIFT_VERSION = 5.0;
			};
			name = Release;
		};
		9A8936A37C79EE98D797D11F /* Release */ = {
			isa = XCBuildConfiguration;
			buildSettings = {
				ASSETCATALOG_COMPILER_APPICON_NAME = AppIcon;
				CODE_SIGN_ENTITLEMENTS = App/RightKit.entitlements;
				COMBINE_HIDPI_IMAGES = YES;
				ENABLE_APP_SANDBOX = YES;
				GENERATE_INFOPLIST_FILE = NO;
				INFOPLIST_FILE = App/Info.plist;
				LD_RUNPATH_SEARCH_PATHS = (
					"$(inherited)",
					"@executable_path/../Frameworks",
				);
				PRODUCT_BUNDLE_IDENTIFIER = io.github.rightkit.RightKit;
				PRODUCT_NAME = RightKit;
				SDKROOT = macosx;
			};
			name = Release;
		};
		BEC90E3C81365BA414F8D12F /* Debug */ = {
			isa = XCBuildConfiguration;
			buildSettings = {
				ALWAYS_SEARCH_USER_PATHS = NO;
				CLANG_ANALYZER_NONNULL = YES;
				CLANG_ANALYZER_NUMBER_OBJECT_CONVERSION = YES_AGGRESSIVE;
				CLANG_CXX_LANGUAGE_STANDARD = "gnu++14";
				CLANG_CXX_LIBRARY = "libc++";
				CLANG_ENABLE_MODULES = YES;
				CLANG_ENABLE_OBJC_ARC = YES;
				CLANG_ENABLE_OBJC_WEAK = YES;
				CLANG_WARN_BLOCK_CAPTURE_AUTORELEASING = YES;
				CLANG_WARN_BOOL_CONVERSION = YES;
				CLANG_WARN_COMMA = YES;
				CLANG_WARN_CONSTANT_CONVERSION = YES;
				CLANG_WARN_DEPRECATED_OBJC_IMPLEMENTATIONS = YES;
				CLANG_WARN_DIRECT_OBJC_ISA_USAGE = YES_ERROR;
				CLANG_WARN_DOCUMENTATION_COMMENTS = YES;
				CLANG_WARN_EMPTY_BODY = YES;
				CLANG_WARN_ENUM_CONVERSION = YES;
				CLANG_WARN_INFINITE_RECURSION = YES;
				CLANG_WARN_INT_CONVERSION = YES;
				CLANG_WARN_NON_LITERAL_NULL_CONVERSION = YES;
				CLANG_WARN_OBJC_IMPLICIT_RETAIN_SELF = YES;
				CLANG_WARN_OBJC_LITERAL_CONVERSION = YES;
				CLANG_WARN_OBJC_ROOT_CLASS = YES_ERROR;
				CLANG_WARN_QUOTED_INCLUDE_IN_FRAMEWORK_HEADER = YES;
				CLANG_WARN_RANGE_LOOP_ANALYSIS = YES;
				CLANG_WARN_STRICT_PROTOTYPES = YES;
				CLANG_WARN_SUSPICIOUS_MOVE = YES;
				CLANG_WARN_UNGUARDED_AVAILABILITY = YES_AGGRESSIVE;
				CLANG_WARN_UNREACHABLE_CODE = YES;
				CLANG_WARN__DUPLICATE_METHOD_MATCH = YES;
				CODE_SIGN_STYLE = Automatic;
				COPY_PHASE_STRIP = NO;
				CURRENT_PROJECT_VERSION = 1;
				DEBUG_INFORMATION_FORMAT = dwarf;
				ENABLE_HARDENED_RUNTIME = YES;
				ENABLE_STRICT_OBJC_MSGSEND = YES;
				ENABLE_TESTABILITY = YES;
				GCC_C_LANGUAGE_STANDARD = gnu11;
				GCC_DYNAMIC_NO_PIC = NO;
				GCC_NO_COMMON_BLOCKS = YES;
				GCC_OPTIMIZATION_LEVEL = 0;
				GCC_PREPROCESSOR_DEFINITIONS = (
					"$(inherited)",
					"DEBUG=1",
				);
				GCC_WARN_64_TO_32_BIT_CONVERSION = YES;
				GCC_WARN_ABOUT_RETURN_TYPE = YES_ERROR;
				GCC_WARN_UNDECLARED_SELECTOR = YES;
				GCC_WARN_UNINITIALIZED_AUTOS = YES_AGGRESSIVE;
				GCC_WARN_UNUSED_FUNCTION = YES;
				GCC_WARN_UNUSED_VARIABLE = YES;
				MACOSX_DEPLOYMENT_TARGET = 13.0;
				MARKETING_VERSION = 0.1.0;
				MTL_ENABLE_DEBUG_INFO = INCLUDE_SOURCE;
				MTL_FAST_MATH = YES;
				ONLY_ACTIVE_ARCH = YES;
				PRODUCT_NAME = "$(TARGET_NAME)";
				SDKROOT = macosx;
				SWIFT_ACTIVE_COMPILATION_CONDITIONS = DEBUG;
				SWIFT_EMIT_LOC_STRINGS = YES;
				SWIFT_OPTIMIZATION_LEVEL = "-Onone";
				SWIFT_VERSION = 5.0;
			};
			name = Debug;
		};
		DA54B40A21A5027CF516A19C /* Debug */ = {
			isa = XCBuildConfiguration;
			buildSettings = {
				ASSETCATALOG_COMPILER_APPICON_NAME = AppIcon;
				CODE_SIGN_ENTITLEMENTS = App/RightKit.entitlements;
				COMBINE_HIDPI_IMAGES = YES;
				ENABLE_APP_SANDBOX = YES;
				GENERATE_INFOPLIST_FILE = NO;
				INFOPLIST_FILE = App/Info.plist;
				LD_RUNPATH_SEARCH_PATHS = (
					"$(inherited)",
					"@executable_path/../Frameworks",
				);
				PRODUCT_BUNDLE_IDENTIFIER = io.github.rightkit.RightKit;
				PRODUCT_NAME = RightKit;
				SDKROOT = macosx;
			};
			name = Debug;
		};
/* End XCBuildConfiguration section */

/* Begin XCConfigurationList section */
		040511D4C4A4B4B58262CCB9 /* Build configuration list for PBXNativeTarget "RightKitFinder" */ = {
			isa = XCConfigurationList;
			buildConfigurations = (
				427DC39DACC90C0C7AC9DC4D /* Debug */,
				3AA36F0EF07E762F94591652 /* Release */,
			);
			defaultConfigurationIsVisible = 0;
			defaultConfigurationName = Debug;
		};
		634351A6A68B096FA19352EE /* Build configuration list for PBXNativeTarget "RightKit" */ = {
			isa = XCConfigurationList;
			buildConfigurations = (
				DA54B40A21A5027CF516A19C /* Debug */,
				9A8936A37C79EE98D797D11F /* Release */,
			);
			defaultConfigurationIsVisible = 0;
			defaultConfigurationName = Debug;
		};
		7DBBFB38622C3BBE59349522 /* Build configuration list for PBXProject "RightKit" */ = {
			isa = XCConfigurationList;
			buildConfigurations = (
				BEC90E3C81365BA414F8D12F /* Debug */,
				780BE3ADEE023BC04CD5C88F /* Release */,
			);
			defaultConfigurationIsVisible = 0;
			defaultConfigurationName = Debug;
		};
/* End XCConfigurationList section */
	};
	rootObject = A1A017A445166C50822AFEAC /* Project object */;
}
